// !$*UTF8*$!
{
	archiveVersion = 1;
	classes = {
	};
	objectVersion = 77;
	objects = {

/* Begin PBXBuildFile section */
		7E925C012F377CCF006AA4B3 /* Kingfisher in Frameworks */ = {isa = PBXBuildFile; productRef = 7E925C002F377CCF006AA4B3 /* Kingfisher */; };
		7EEC865E2F27CB99001AD31C /* SwiftDate in Frameworks */ = {isa = PBXBuildFile; productRef = 7EEC865D2F27CB99001AD31C /* SwiftDate */; };
		7EEC86612F27DE58001AD31C /* Flow in Frameworks */ = {isa = PBXBuildFile; productRef = 7EEC86602F27DE58001AD31C /* Flow */; };
		C0D3A0032F9A000100000008 /* MoviePilot-TV-TopShelf.appex in Embed App Extensions */ = {isa = PBXBuildFile; fileRef = C0D3A0032F9A000100000003 /* MoviePilot-TV-TopShelf.appex */; settings = {ATTRIBUTES = (CodeSignOnCopy, RemoveHeadersOnCopy, ); }; };
		C0D3A0042F9A000100000001 /* Kingfisher in Frameworks */ = {isa = PBXBuildFile; productRef = 7E925C002F377CCF006AA4B3 /* Kingfisher */; };
/* End PBXBuildFile section */

/* Begin PBXContainerItemProxy section */
		A1B2C3D42F41000100000007 /* PBXContainerItemProxy */ = {
			isa = PBXContainerItemProxy;
			containerPortal = 7EEC86112F23C6C4001AD31C /* Project object */;
			proxyType = 1;
			remoteGlobalIDString = 7EEC86182F23C6C4001AD31C;
			remoteInfo = "MoviePilot-TV";
		};
		C0D3A0032F9A00010000000A /* PBXContainerItemProxy */ = {
			isa = PBXContainerItemProxy;
			containerPortal = 7EEC86112F23C6C4001AD31C /* Project object */;
			proxyType = 1;
			remoteGlobalIDString = C0D3A0032F9A000100000009;
			remoteInfo = "MoviePilot-TV-TopShelf";
		};
/* End PBXContainerItemProxy section */

/* Begin PBXCopyFilesBuildPhase section */
		C0D3A0032F9A000100000007 /* Embed App Extensions */ = {
			isa = PBXCopyFilesBuildPhase;
			buildActionMask = 2147483647;
			dstPath = "";
			dstSubfolderSpec = 13;
			files = (
				C0D3A0032F9A000100000008 /* MoviePilot-TV-TopShelf.appex in Embed App Extensions */,
			);
			name = "Embed App Extensions";
			runOnlyForDeploymentPostprocessing = 0;
		};
/* End PBXCopyFilesBuildPhase section */

/* Begin PBXFileReference section */
		7EEC86192F23C6C4001AD31C /* MoviePilot-TV.app */ = {isa = PBXFileReference; explicitFileType = wrapper.application; includeInIndex = 0; path = "MoviePilot-TV.app"; sourceTree = BUILT_PRODUCTS_DIR; };
		A1B2C3D42F41000100000002 /* MoviePilot-TV-Tests.xctest */ = {isa = PBXFileReference; explicitFileType = wrapper.cfbundle; includeInIndex = 0; path = "MoviePilot-TV-Tests.xctest"; sourceTree = BUILT_PRODUCTS_DIR; };
		C0D3A0032F9A000100000003 /* MoviePilot-TV-TopShelf.appex */ = {isa = PBXFileReference; explicitFileType = "wrapper.app-extension"; includeInIndex = 0; path = "MoviePilot-TV-TopShelf.appex"; sourceTree = BUILT_PRODUCTS_DIR; };
		D1501A7E0000000000000101 /* Base.xcconfig */ = {isa = PBXFileReference; lastKnownFileType = text.xcconfig; path = Base.xcconfig; sourceTree = "<group>"; };
		D1501A7E0000000000000102 /* Debug.xcconfig */ = {isa = PBXFileReference; lastKnownFileType = text.xcconfig; path = Debug.xcconfig; sourceTree = "<group>"; };
		D1501A7E0000000000000103 /* Release.xcconfig */ = {isa = PBXFileReference; lastKnownFileType = text.xcconfig; path = Release.xcconfig; sourceTree = "<group>"; };
		D1501A7E0000000000000104 /* Testing.xcconfig */ = {isa = PBXFileReference; lastKnownFileType = text.xcconfig; path = Testing.xcconfig; sourceTree = "<group>"; };
		D1501A7E0000000000000105 /* App.xcconfig */ = {isa = PBXFileReference; lastKnownFileType = text.xcconfig; path = App.xcconfig; sourceTree = "<group>"; };
		D1501A7E0000000000000106 /* TopShelf.xcconfig */ = {isa = PBXFileReference; lastKnownFileType = text.xcconfig; path = TopShelf.xcconfig; sourceTree = "<group>"; };
		D1501A7E0000000000000107 /* Tests.xcconfig */ = {isa = PBXFileReference; lastKnownFileType = text.xcconfig; path = Tests.xcconfig; sourceTree = "<group>"; };
/* End PBXFileReference section */

/* Begin PBXFileSystemSynchronizedRootGroup section */
		7EEC861B2F23C6C4001AD31C /* MoviePilot-TV */ = {
			isa = PBXFileSystemSynchronizedRootGroup;
			path = "MoviePilot-TV";
			sourceTree = "<group>";
		};
		A1B2C3D42F41000100000001 /* MoviePilot-TV-Tests */ = {
			isa = PBXFileSystemSynchronizedRootGroup;
			path = "MoviePilot-TV-Tests";
			sourceTree = "<group>";
		};
		C0D3A0012F9A000100000001 /* TopShelfShared */ = {
			isa = PBXFileSystemSynchronizedRootGroup;
			path = TopShelfShared;
			sourceTree = "<group>";
		};
		C0D3A0032F9A000100000002 /* MoviePilot-TV-TopShelf */ = {
			isa = PBXFileSystemSynchronizedRootGroup;
			path = "MoviePilot-TV-TopShelf";
			sourceTree = "<group>";
		};
/* End PBXFileSystemSynchronizedRootGroup section */

/* Begin PBXFrameworksBuildPhase section */
		7EEC86162F23C6C4001AD31C /* Frameworks */ = {
			isa = PBXFrameworksBuildPhase;
			buildActionMask = 2147483647;
			files = (
				7E925C012F377CCF006AA4B3 /* Kingfisher in Frameworks */,
				7EEC86612F27DE58001AD31C /* Flow in Frameworks */,
				7EEC865E2F27CB99001AD31C /* SwiftDate in Frameworks */,
			);
			runOnlyForDeploymentPostprocessing = 0;
		};
		A1B2C3D42F41000100000004 /* Frameworks */ = {
			isa = PBXFrameworksBuildPhase;
			buildActionMask = 2147483647;
			files = (
			);
			runOnlyForDeploymentPostprocessing = 0;
		};
		C0D3A0032F9A000100000005 /* Frameworks */ = {
			isa = PBXFrameworksBuildPhase;
			buildActionMask = 2147483647;
			files = (
				C0D3A0042F9A000100000001 /* Kingfisher in Frameworks */,
			);
			runOnlyForDeploymentPostprocessing = 0;
		};
/* End PBXFrameworksBuildPhase section */

/* Begin PBXGroup section */
		7EEC86102F23C6C4001AD31C = {
			isa = PBXGroup;
			children = (
				7EEC861B2F23C6C4001AD31C /* MoviePilot-TV */,
				C0D3A0012F9A000100000001 /* TopShelfShared */,
				C0D3A0032F9A000100000002 /* MoviePilot-TV-TopShelf */,
				A1B2C3D42F41000100000001 /* MoviePilot-TV-Tests */,
				7EEC861A2F23C6C4001AD31C /* Products */,
				D1501A7E0000000000000200 /* Configuration */,
			);
			sourceTree = "<group>";
		};
		7EEC861A2F23C6C4001AD31C /* Products */ = {
			isa = PBXGroup;
			children = (
				7EEC86192F23C6C4001AD31C /* MoviePilot-TV.app */,
				C0D3A0032F9A000100000003 /* MoviePilot-TV-TopShelf.appex */,
				A1B2C3D42F41000100000002 /* MoviePilot-TV-Tests.xctest */,
			);
			name = Products;
			sourceTree = "<group>";
		};
		D1501A7E0000000000000200 /* Configuration */ = {
			isa = PBXGroup;
			children = (
				D1501A7E0000000000000101 /* Base.xcconfig */,
				D1501A7E0000000000000102 /* Debug.xcconfig */,
				D1501A7E0000000000000103 /* Release.xcconfig */,
				D1501A7E0000000000000104 /* Testing.xcconfig */,
				D1501A7E0000000000000105 /* App.xcconfig */,
				D1501A7E0000000000000106 /* TopShelf.xcconfig */,
				D1501A7E0000000000000107 /* Tests.xcconfig */,
			);
			path = Configuration;
			sourceTree = "<group>";
		};
/* End PBXGroup section */

/* Begin PBXNativeTarget section */
		7EEC86182F23C6C4001AD31C /* MoviePilot-TV */ = {
			isa = PBXNativeTarget;
			buildConfigurationList = 7EEC86242F23C6C5001AD31C /* Build configuration list for PBXNativeTarget "MoviePilot-TV" */;
			buildPhases = (
				7EEC86152F23C6C4001AD31C /* Sources */,
				7EEC86162F23C6C4001AD31C /* Frameworks */,
				7EEC86172F23C6C4001AD31C /* Resources */,
				C0D3A0032F9A000100000007 /* Embed App Extensions */,
			);
			buildRules = (
			);
			dependencies = (
				C0D3A0032F9A00010000000B /* PBXTargetDependency */,
			);
			fileSystemSynchronizedGroups = (
				7EEC861B2F23C6C4001AD31C /* MoviePilot-TV */,
				C0D3A0012F9A000100000001 /* TopShelfShared */,
			);
			name = "MoviePilot-TV";
			packageProductDependencies = (
				7EEC865D2F27CB99001AD31C /* SwiftDate */,
				7EEC86602F27DE58001AD31C /* Flow */,
				7E925C002F377CCF006AA4B3 /* Kingfisher */,
			);
			productName = "MoviePilot-TV";
			productReference = 7EEC86192F23C6C4001AD31C /* MoviePilot-TV.app */;
			productType = "com.apple.product-type.application";
		};
		A1B2C3D42F41000100000006 /* MoviePilot-TV-Tests */ = {
			isa = PBXNativeTarget;
			buildConfigurationList = A1B2C3D42F41000100000009 /* Build configuration list for PBXNativeTarget "MoviePilot-TV-Tests" */;
			buildPhases = (
				A1B2C3D42F41000100000003 /* Sources */,
				A1B2C3D42F41000100000004 /* Frameworks */,
				A1B2C3D42F41000100000005 /* Resources */,
			);
			buildRules = (
			);
			dependencies = (
				A1B2C3D42F41000100000008 /* PBXTargetDependency */,
			);
			fileSystemSynchronizedGroups = (
				A1B2C3D42F41000100000001 /* MoviePilot-TV-Tests */,
			);
			name = "MoviePilot-TV-Tests";
			packageProductDependencies = (
			);
			productName = "MoviePilot-TV-Tests";
			productReference = A1B2C3D42F41000100000002 /* MoviePilot-TV-Tests.xctest */;
			productType = "com.apple.product-type.bundle.unit-test";
		};
		C0D3A0032F9A000100000009 /* MoviePilot-TV-TopShelf */ = {
			isa = PBXNativeTarget;
			buildConfigurationList = C0D3A0032F9A00010000000E /* Build configuration list for PBXNativeTarget "MoviePilot-TV-TopShelf" */;
			buildPhases = (
				C0D3A0032F9A000100000004 /* Sources */,
				C0D3A0032F9A000100000005 /* Frameworks */,
				C0D3A0032F9A000100000006 /* Resources */,
			);
			buildRules = (
			);
			dependencies = (
			);
			fileSystemSynchronizedGroups = (
				C0D3A0012F9A000100000001 /* TopShelfShared */,
				C0D3A0032F9A000100000002 /* MoviePilot-TV-TopShelf */,
			);
			name = "MoviePilot-TV-TopShelf";
			packageProductDependencies = (
				7E925C002F377CCF006AA4B3 /* Kingfisher */,
			);
			productName = "MoviePilot-TV-TopShelf";
			productReference = C0D3A0032F9A000100000003 /* MoviePilot-TV-TopShelf.appex */;
			productType = "com.apple.product-type.app-extension";
		};
/* End PBXNativeTarget section */

/* Begin PBXProject section */
		7EEC86112F23C6C4001AD31C /* Project object */ = {
			isa = PBXProject;
			attributes = {
				BuildIndependentTargetsInParallel = 1;
				LastSwiftUpdateCheck = 2620;
				LastUpgradeCheck = 2630;
				TargetAttributes = {
					7EEC86182F23C6C4001AD31C = {
						CreatedOnToolsVersion = 26.2;
					};
					A1B2C3D42F41000100000006 = {
						CreatedOnToolsVersion = 26.2;
						TestTargetID = 7EEC86182F23C6C4001AD31C;
					};
					C0D3A0032F9A000100000009 = {
						CreatedOnToolsVersion = 26.2;
					};
				};
			};
			buildConfigurationList = 7EEC86142F23C6C4001AD31C /* Build configuration list for PBXProject "MoviePilot-TV" */;
			developmentRegion = "zh-Hans";
			hasScannedForEncodings = 0;
			knownRegions = (
				en,
				Base,
				"zh-Hans",
				"zh-Hant",
			);
			mainGroup = 7EEC86102F23C6C4001AD31C;
			minimizedProjectReferenceProxies = 1;
			packageReferences = (
				7EEC865C2F27CB99001AD31C /* XCRemoteSwiftPackageReference "SwiftDate" */,
				7EEC865F2F27DE58001AD31C /* XCRemoteSwiftPackageReference "SwiftUI-Flow" */,
				7E925BFF2F377CCF006AA4B3 /* XCRemoteSwiftPackageReference "Kingfisher" */,
			);
			preferredProjectObjectVersion = 77;
			productRefGroup = 7EEC861A2F23C6C4001AD31C /* Products */;
			projectDirPath = "";
			projectRoot = "";
			targets = (
				7EEC86182F23C6C4001AD31C /* MoviePilot-TV */,
				C0D3A0032F9A000100000009 /* MoviePilot-TV-TopShelf */,
				A1B2C3D42F41000100000006 /* MoviePilot-TV-Tests */,
			);
		};
/* End PBXProject section */

/* Begin PBXResourcesBuildPhase section */
		7EEC86172F23C6C4001AD31C /* Resources */ = {
			isa = PBXResourcesBuildPhase;
			buildActionMask = 2147483647;
			files = (
			);
			runOnlyForDeploymentPostprocessing = 0;
		};
		A1B2C3D42F41000100000005 /* Resources */ = {
			isa = PBXResourcesBuildPhase;
			buildActionMask = 2147483647;
			files = (
			);
			runOnlyForDeploymentPostprocessing = 0;
		};
		C0D3A0032F9A000100000006 /* Resources */ = {
			isa = PBXResourcesBuildPhase;
			buildActionMask = 2147483647;
			files = (
			);
			runOnlyForDeploymentPostprocessing = 0;
		};
/* End PBXResourcesBuildPhase section */

/* Begin PBXSourcesBuildPhase section */
		7EEC86152F23C6C4001AD31C /* Sources */ = {
			isa = PBXSourcesBuildPhase;
			buildActionMask = 2147483647;
			files = (
			);
			runOnlyForDeploymentPostprocessing = 0;
		};
		A1B2C3D42F41000100000003 /* Sources */ = {
			isa = PBXSourcesBuildPhase;
			buildActionMask = 2147483647;
			files = (
			);
			runOnlyForDeploymentPostprocessing = 0;
		};
		C0D3A0032F9A000100000004 /* Sources */ = {
			isa = PBXSourcesBuildPhase;
			buildActionMask = 2147483647;
			files = (
			);
			runOnlyForDeploymentPostprocessing = 0;
		};
/* End PBXSourcesBuildPhase section */

/* Begin PBXTargetDependency section */
		A1B2C3D42F41000100000008 /* PBXTargetDependency */ = {
			isa = PBXTargetDependency;
			target = 7EEC86182F23C6C4001AD31C /* MoviePilot-TV */;
			targetProxy = A1B2C3D42F41000100000007 /* PBXContainerItemProxy */;
		};
		C0D3A0032F9A00010000000B /* PBXTargetDependency */ = {
			isa = PBXTargetDependency;
			target = C0D3A0032F9A000100000009 /* MoviePilot-TV-TopShelf */;
			targetProxy = C0D3A0032F9A00010000000A /* PBXContainerItemProxy */;
		};
/* End PBXTargetDependency section */

/* Begin XCBuildConfiguration section */
		7EEC86222F23C6C5001AD31C /* Debug */ = {
			isa = XCBuildConfiguration;
			baseConfigurationReference = D1501A7E0000000000000102 /* Debug.xcconfig */;
			buildSettings = {
			};
			name = Debug;
		};
		7EEC86232F23C6C5001AD31C /* Release */ = {
			isa = XCBuildConfiguration;
			baseConfigurationReference = D1501A7E0000000000000103 /* Release.xcconfig */;
			buildSettings = {
			};
			name = Release;
		};
		7EEC86252F23C6C5001AD31C /* Debug */ = {
			isa = XCBuildConfiguration;
			baseConfigurationReference = D1501A7E0000000000000105 /* App.xcconfig */;
			buildSettings = {
			};
			name = Debug;
		};
		7EEC86262F23C6C5001AD31C /* Release */ = {
			isa = XCBuildConfiguration;
			baseConfigurationReference = D1501A7E0000000000000105 /* App.xcconfig */;
			buildSettings = {
			};
			name = Release;
		};
		A1B2C3D42F4100010000000A /* Debug */ = {
			isa = XCBuildConfiguration;
			baseConfigurationReference = D1501A7E0000000000000107 /* Tests.xcconfig */;
			buildSettings = {
			};
			name = Debug;
		};
		A1B2C3D42F4100010000000B /* Release */ = {
			isa = XCBuildConfiguration;
			baseConfigurationReference = D1501A7E0000000000000107 /* Tests.xcconfig */;
			buildSettings = {
			};
			name = Release;
		};
		C0D3A0032F9A00010000000C /* Debug */ = {
			isa = XCBuildConfiguration;
			baseConfigurationReference = D1501A7E0000000000000106 /* TopShelf.xcconfig */;
			buildSettings = {
			};
			name = Debug;
		};
		C0D3A0032F9A00010000000D /* Release */ = {
			isa = XCBuildConfiguration;
			baseConfigurationReference = D1501A7E0000000000000106 /* TopShelf.xcconfig */;
			buildSettings = {
				SWIFT_COMPILATION_MODE = wholemodule;
			};
			name = Release;
		};
		D1501A7E0000000000000001 /* Testing */ = {
			isa = XCBuildConfiguration;
			baseConfigurationReference = D1501A7E0000000000000104 /* Testing.xcconfig */;
			buildSettings = {
			};
			name = Testing;
		};
		D1501A7E0000000000000002 /* Testing */ = {
			isa = XCBuildConfiguration;
			baseConfigurationReference = D1501A7E0000000000000105 /* App.xcconfig */;
			buildSettings = {
			};
			name = Testing;
		};
		D1501A7E0000000000000003 /* Testing */ = {
			isa = XCBuildConfiguration;
			baseConfigurationReference = D1501A7E0000000000000107 /* Tests.xcconfig */;
			buildSettings = {
			};
			name = Testing;
		};
		D1501A7E0000000000000004 /* Testing */ = {
			isa = XCBuildConfiguration;
			baseConfigurationReference = D1501A7E0000000000000106 /* TopShelf.xcconfig */;
			buildSettings = {
			};
			name = Testing;
		};
/* End XCBuildConfiguration section */

/* Begin XCConfigurationList section */
		7EEC86142F23C6C4001AD31C /* Build configuration list for PBXProject "MoviePilot-TV" */ = {
			isa = XCConfigurationList;
			buildConfigurations = (
				7EEC86222F23C6C5001AD31C /* Debug */,
				D1501A7E0000000000000001 /* Testing */,
				7EEC86232F23C6C5001AD31C /* Release */,
			);
			defaultConfigurationIsVisible = 0;
			defaultConfigurationName = Release;
		};
		7EEC86242F23C6C5001AD31C /* Build configuration list for PBXNativeTarget "MoviePilot-TV" */ = {
			isa = XCConfigurationList;
			buildConfigurations = (
				7EEC86252F23C6C5001AD31C /* Debug */,
				D1501A7E0000000000000002 /* Testing */,
				7EEC86262F23C6C5001AD31C /* Release */,
			);
			defaultConfigurationIsVisible = 0;
			defaultConfigurationName = Release;
		};
		A1B2C3D42F41000100000009 /* Build configuration list for PBXNativeTarget "MoviePilot-TV-Tests" */ = {
			isa = XCConfigurationList;
			buildConfigurations = (
				A1B2C3D42F4100010000000A /* Debug */,
				D1501A7E0000000000000003 /* Testing */,
				A1B2C3D42F4100010000000B /* Release */,
			);
			defaultConfigurationIsVisible = 0;
			defaultConfigurationName = Release;
		};
		C0D3A0032F9A00010000000E /* Build configuration list for PBXNativeTarget "MoviePilot-TV-TopShelf" */ = {
			isa = XCConfigurationList;
			buildConfigurations = (
				C0D3A0032F9A00010000000C /* Debug */,
				D1501A7E0000000000000004 /* Testing */,
				C0D3A0032F9A00010000000D /* Release */,
			);
			defaultConfigurationIsVisible = 0;
			defaultConfigurationName = Release;
		};
/* End XCConfigurationList section */

/* Begin XCRemoteSwiftPackageReference section */
		7E925BFF2F377CCF006AA4B3 /* XCRemoteSwiftPackageReference "Kingfisher" */ = {
			isa = XCRemoteSwiftPackageReference;
			repositoryURL = "https://github.com/onevcat/Kingfisher.git";
			requirement = {
				kind = upToNextMajorVersion;
				minimumVersion = 8.6.2;
			};
		};
		7EEC865C2F27CB99001AD31C /* XCRemoteSwiftPackageReference "SwiftDate" */ = {
			isa = XCRemoteSwiftPackageReference;
			repositoryURL = "https://github.com/malcommac/SwiftDate";
			requirement = {
				kind = upToNextMajorVersion;
				minimumVersion = 7.0.0;
			};
		};
		7EEC865F2F27DE58001AD31C /* XCRemoteSwiftPackageReference "SwiftUI-Flow" */ = {
			isa = XCRemoteSwiftPackageReference;
			repositoryURL = "https://github.com/tevelee/SwiftUI-Flow";
			requirement = {
				kind = upToNextMajorVersion;
				minimumVersion = 3.1.1;
			};
		};
/* End XCRemoteSwiftPackageReference section */

/* Begin XCSwiftPackageProductDependency section */
		7E925C002F377CCF006AA4B3 /* Kingfisher */ = {
			isa = XCSwiftPackageProductDependency;
			package = 7E925BFF2F377CCF006AA4B3 /* XCRemoteSwiftPackageReference "Kingfisher" */;
			productName = Kingfisher;
		};
		7EEC865D2F27CB99001AD31C /* SwiftDate */ = {
			isa = XCSwiftPackageProductDependency;
			package = 7EEC865C2F27CB99001AD31C /* XCRemoteSwiftPackageReference "SwiftDate" */;
			productName = SwiftDate;
		};
		7EEC86602F27DE58001AD31C /* Flow */ = {
			isa = XCSwiftPackageProductDependency;
			package = 7EEC865F2F27DE58001AD31C /* XCRemoteSwiftPackageReference "SwiftUI-Flow" */;
			productName = Flow;
		};
/* End XCSwiftPackageProductDependency section */
	};
	rootObject = 7EEC86112F23C6C4001AD31C /* Project object */;
}
